
Microsoft Visual Studio Solution File, Format Version 12.00
# Visual Studio Version 17
VisualStudioVersion = 17.5.33516.290
MinimumVisualStudioVersion = 10.0.40219.1
Project("{9A19103F-16F7-4668-BE54-9A1E7A4F7556}") = "1.DAL", "1.DAL\1.DAL.csproj", "{D4DE31E5-FF0C-4366-99CA-E462F097D65F}"
EndProject
Project("{9A19103F-16F7-4668-BE54-9A1E7A4F7556}") = "2.BUS", "2.BUS\2.BUS.csproj", "{7D92D9EA-A7B3-46C4-9210-DAC6E8968A89}"
EndProject
Project("{FAE04EC0-301F-11D3-BF4B-00C04F79EFBC}") = "3.PL", "3.PL\3.PL.csproj", "{9B6959E7-C963-494A-AFB0-83E568854FCF}"
EndProject
Global
	GlobalSection(SolutionConfigurationPlatforms) = preSolution
		Debug|Any CPU = Debug|Any CPU
		Release|Any CPU = Release|Any CPU
	EndGlobalSection
	GlobalSection(ProjectConfigurationPlatforms) = postSolution
		{D4DE31E5-FF0C-4366-99CA-E462F097D65F}.Debug|Any CPU.ActiveCfg = Debug|Any CPU
		{D4DE31E5-FF0C-4366-99CA-E462F097D65F}.Debug|Any CPU.Build.0 = Debug|Any CPU
		{D4DE31E5-FF0C-4366-99CA-E462F097D65F}.Release|Any CPU.ActiveCfg = Release|Any CPU
		{D4DE31E5-FF0C-4366-99CA-E462F097D65F}.Release|Any CPU.Build.0 = Release|Any CPU
		{7D92D9EA-A7B3-46C4-9210-DAC6E8968A89}.Debug|Any CPU.ActiveCfg = Debug|Any CPU
		{7D92D9EA-A7B3-46C4-9210-DAC6E8968A89}.Debug|Any CPU.Build.0 = Debug|Any CPU
		{7D92D9EA-A7B3-46C4-9210-DAC6E8968A89}.Release|Any CPU.ActiveCfg = Release|Any CPU
		{7D92D9EA-A7B3-46C4-9210-DAC6E8968A89}.Release|Any CPU.Build.0 = Release|Any CPU
		{9B6959E7-C963-494A-AFB0-83E568854FCF}.Debug|Any CPU.ActiveCfg = Debug|Any CPU
		{9B6959E7-C963-494A-AFB0-83E568854FCF}.Debug|Any CPU.Build.0 = Debug|Any CPU
		{9B6959E7-C963-494A-AFB0-83E568854FCF}.Release|Any CPU.ActiveCfg = Release|Any CPU
		{9B6959E7-C963-494A-AFB0-83E568854FCF}.Release|Any CPU.Build.0 = Release|Any CPU
	EndGlobalSection
	GlobalSection(SolutionProperties) = preSolution
		HideSolutionNode = FALSE
	EndGlobalSection
	GlobalSection(ExtensibilityGlobals) = postSolution
		SolutionGuid = {2211B927-551A-4913-8307-83C4651B1E10}
	EndGlobalSection
EndGlobal
